{
  "name": "ironbow",
  "version": "1.0.0",
  "lockfileVersion": 2,
  "requires": true,
  "packages": {
    "": {
      "version": "1.0.0",
      "license": "ISC",
      "devDependencies": {
        "systemjs": "^0.20.15",
        "typescript": "^2.4.1"
      }
    },
    "node_modules/systemjs": {
      "version": "0.20.19",
      "resolved": "https://www.myget.org/F/storefeeder/npm/systemjs/-/systemjs-0.20.19.tgz",
      "integrity": "sha1-wrnnnBn0vqU6GbHtP5dP+0Y76Uk=",
      "dev": true,
      "license": "MIT"
    },
    "node_modules/typescript": {
      "version": "2.9.2",
      "resolved": "https://www.myget.org/F/storefeeder/npm/typescript/-/typescript-2.9.2.tgz",
      "integrity": "sha1-HL9h0F1rliaSROtqO85L2RTg8Aw=",
      "dev": true,
      "license": "Apache-2.0",
      "bin": {
        "tsc": "bin/tsc",
        "tsserver": "bin/tsserver"
      },
      "engines": {
        "node": ">=4.2.0"
      }
    }
  },
  "dependencies": {
    "systemjs": {
      "version": "0.20.19",
      "resolved": "https://www.myget.org/F/storefeeder/npm/systemjs/-/systemjs-0.20.19.tgz",
      "integrity": "sha1-wrnnnBn0vqU6GbHtP5dP+0Y76Uk=",
      "dev": true
    },
    "typescript": {
      "version": "2.9.2",
      "resolved": "https://www.myget.org/F/storefeeder/npm/typescript/-/typescript-2.9.2.tgz",
      "integrity": "sha1-HL9h0F1rliaSROtqO85L2RTg8Aw=",
      "dev": true
    }
  }
}
