{
  "name": "gl",
  "version": "1.0.0",
  "lockfileVersion": 2,
  "requires": true,
  "packages": {
    "": {
      "name": "gl",
      "version": "1.0.0",
      "license": "ISC",
      "devDependencies": {
        "systemjs": "^6.11.0",
        "typescript": "^4.4.4"
      }
    },
    "node_modules/systemjs": {
      "version": "6.11.0",
      "resolved": "https://www.myget.org/F/storefeeder/npm/systemjs/-/systemjs-6.11.0.tgz",
      "integrity": "sha1-jfjnT8BYIubEAXCqQJucpkgzMV8=",
      "dev": true,
      "license": "MIT"
    },
    "node_modules/typescript": {
      "version": "4.4.4",
      "resolved": "https://www.myget.org/F/storefeeder/npm/typescript/-/typescript-4.4.4.tgz",
      "integrity": "sha1-LNAaGh8WBwTTEB/VpY/w+fy4Aww=",
      "dev": true,
      "license": "Apache-2.0",
      "bin": {
        "tsc": "bin/tsc",
        "tsserver": "bin/tsserver"
      },
      "engines": {
        "node": ">=4.2.0"
      }
    }
  },
  "dependencies": {
    "systemjs": {
      "version": "6.11.0",
      "resolved": "https://www.myget.org/F/storefeeder/npm/systemjs/-/systemjs-6.11.0.tgz",
      "integrity": "sha1-jfjnT8BYIubEAXCqQJucpkgzMV8=",
      "dev": true
    },
    "typescript": {
      "version": "4.4.4",
      "resolved": "https://www.myget.org/F/storefeeder/npm/typescript/-/typescript-4.4.4.tgz",
      "integrity": "sha1-LNAaGh8WBwTTEB/VpY/w+fy4Aww=",
      "dev": true
    }
  }
}
